
Microsoft Visual Studio Solution File, Format Version 12.00
# Visual Studio Version 17
VisualStudioVersion = 17.3.32825.248
MinimumVisualStudioVersion = 10.0.40219.1
Project("{FAE04EC0-301F-11D3-BF4B-00C04F79EFBC}") = "Engine", "Mega Man\Engine.csproj", "{2B1E4B31-FF73-483C-9C32-8742B0951916}"
EndProject
Project("{FAE04EC0-301F-11D3-BF4B-00C04F79EFBC}") = "Common", "Mega Man Common\Common.csproj", "{6779A7E6-CE6C-43E4-A0CB-1B0F921C8009}"
EndProject
Project("{FAE04EC0-301F-11D3-BF4B-00C04F79EFBC}") = "WPFEditor", "WPFEditor\WPFEditor.csproj", "{113536D5-91FD-48C1-92B4-10868F65232E}"
EndProject
Project("{FAE04EC0-301F-11D3-BF4B-00C04F79EFBC}") = "CommonTests", "CommonTests\CommonTests.csproj", "{591C3487-ECF7-4AD4-B13C-784EDDB51335}"
EndProject
Project("{FAE04EC0-301F-11D3-BF4B-00C04F79EFBC}") = "IO", "IO\IO.csproj", "{F62C2A06-3CE9-4F5B-B109-687905D14ADF}"
EndProject
Project("{FAE04EC0-301F-11D3-BF4B-00C04F79EFBC}") = "EngineTests", "EngineTests\EngineTests.csproj", "{DCC299DC-79C1-4437-8D44-418110AE8E21}"
EndProject
Project("{2150E333-8FDC-42A3-9474-1A3956D46DE8}") = ".nuget", ".nuget", "{BC4BF866-096F-4A1E-99BB-59660C8580A9}"
	ProjectSection(SolutionItems) = preProject
		.nuget\NuGet.Config = .nuget\NuGet.Config
		.nuget\NuGet.exe = .nuget\NuGet.exe
		.nuget\NuGet.targets = .nuget\NuGet.targets
	EndProjectSection
EndProject
Project("{FAE04EC0-301F-11D3-BF4B-00C04F79EFBC}") = "WpfEditorTests", "WpfEditorTests\WpfEditorTests.csproj", "{5F45BAD1-C26C-4750-868B-ED1879921062}"
EndProject
Project("{2150E333-8FDC-42A3-9474-1A3956D46DE8}") = "Solution Items", "Solution Items", "{31340DCB-FBA8-40EE-9E11-D98856C2A406}"
	ProjectSection(SolutionItems) = preProject
		.editorconfig = .editorconfig
		Rebracer.xml = Rebracer.xml
	EndProjectSection
EndProject
Project("{FAE04EC0-301F-11D3-BF4B-00C04F79EFBC}") = "IO.Tests", "IO.Tests\IO.Tests.csproj", "{B6045E56-B9B4-4C46-AC6E-3946E97553E8}"
EndProject
Project("{54435603-DBB4-11D2-8724-00A0C9A8B90C}") = "Setup", "Setup\Setup.vdproj", "{E88D0780-D977-4F15-9E1D-391DD7ACB453}"
EndProject
Project("{9A19103F-16F7-4668-BE54-9A1E7A4F7556}") = "Engine.Core", "Engine.Core\Engine.Core.csproj", "{4D48302B-97A9-4DA5-B347-5A3CE7ACBABE}"
EndProject
Project("{9A19103F-16F7-4668-BE54-9A1E7A4F7556}") = "Engine.Forms", "Engine.Forms\Engine.Forms.csproj", "{0FE3F774-0FF5-42CE-8639-B9102039B654}"
EndProject
Project("{9A19103F-16F7-4668-BE54-9A1E7A4F7556}") = "Engine.Avalonia", "Engine.Avalonia\Engine.Avalonia.csproj", "{6323337B-143A-4B03-A0BD-6CBFEEBA9BB3}"
EndProject
Project("{9A19103F-16F7-4668-BE54-9A1E7A4F7556}") = "Engine.Avalonia.Desktop", "Engine.Avalonia.Desktop\Engine.Avalonia.Desktop.csproj", "{896EDE9A-9A89-4D03-B0C1-674A1861CDDB}"
EndProject
Global
	GlobalSection(SolutionConfigurationPlatforms) = preSolution
		Debug|Any CPU = Debug|Any CPU
		Debug|x64 = Debug|x64
		Debug|x86 = Debug|x86
		Release|Any CPU = Release|Any CPU
		Release|x64 = Release|x64
		Release|x86 = Release|x86
	EndGlobalSection
	GlobalSection(ProjectConfigurationPlatforms) = postSolution
		{2B1E4B31-FF73-483C-9C32-8742B0951916}.Debug|Any CPU.ActiveCfg = Debug|x86
		{2B1E4B31-FF73-483C-9C32-8742B0951916}.Debug|Any CPU.Build.0 = Debug|x86
		{2B1E4B31-FF73-483C-9C32-8742B0951916}.Debug|x64.ActiveCfg = Debug|x64
		{2B1E4B31-FF73-483C-9C32-8742B0951916}.Debug|x64.Build.0 = Debug|x64
		{2B1E4B31-FF73-483C-9C32-8742B0951916}.Debug|x86.ActiveCfg = Debug|x86
		{2B1E4B31-FF73-483C-9C32-8742B0951916}.Debug|x86.Build.0 = Debug|x86
		{2B1E4B31-FF73-483C-9C32-8742B0951916}.Release|Any CPU.ActiveCfg = Release|x86
		{2B1E4B31-FF73-483C-9C32-8742B0951916}.Release|Any CPU.Build.0 = Release|x86
		{2B1E4B31-FF73-483C-9C32-8742B0951916}.Release|x64.ActiveCfg = Release|x64
		{2B1E4B31-FF73-483C-9C32-8742B0951916}.Release|x64.Build.0 = Release|x64
		{2B1E4B31-FF73-483C-9C32-8742B0951916}.Release|x86.ActiveCfg = Release|x86
		{2B1E4B31-FF73-483C-9C32-8742B0951916}.Release|x86.Build.0 = Release|x86
		{6779A7E6-CE6C-43E4-A0CB-1B0F921C8009}.Debug|Any CPU.ActiveCfg = Debug|x86
		{6779A7E6-CE6C-43E4-A0CB-1B0F921C8009}.Debug|Any CPU.Build.0 = Debug|x86
		{6779A7E6-CE6C-43E4-A0CB-1B0F921C8009}.Debug|x64.ActiveCfg = Debug|x86
		{6779A7E6-CE6C-43E4-A0CB-1B0F921C8009}.Debug|x86.ActiveCfg = Debug|x86
		{6779A7E6-CE6C-43E4-A0CB-1B0F921C8009}.Debug|x86.Build.0 = Debug|x86
		{6779A7E6-CE6C-43E4-A0CB-1B0F921C8009}.Release|Any CPU.ActiveCfg = Release|x86
		{6779A7E6-CE6C-43E4-A0CB-1B0F921C8009}.Release|Any CPU.Build.0 = Release|x86
		{6779A7E6-CE6C-43E4-A0CB-1B0F921C8009}.Release|x64.ActiveCfg = Release|x86
		{6779A7E6-CE6C-43E4-A0CB-1B0F921C8009}.Release|x86.ActiveCfg = Release|x86
		{6779A7E6-CE6C-43E4-A0CB-1B0F921C8009}.Release|x86.Build.0 = Release|x86
		{113536D5-91FD-48C1-92B4-10868F65232E}.Debug|Any CPU.ActiveCfg = Debug|Any CPU
		{113536D5-91FD-48C1-92B4-10868F65232E}.Debug|Any CPU.Build.0 = Debug|Any CPU
		{113536D5-91FD-48C1-92B4-10868F65232E}.Debug|x64.ActiveCfg = Debug|Any CPU
		{113536D5-91FD-48C1-92B4-10868F65232E}.Debug|x86.ActiveCfg = Debug|x86
		{113536D5-91FD-48C1-92B4-10868F65232E}.Debug|x86.Build.0 = Debug|x86
		{113536D5-91FD-48C1-92B4-10868F65232E}.Release|Any CPU.ActiveCfg = Release|x86
		{113536D5-91FD-48C1-92B4-10868F65232E}.Release|Any CPU.Build.0 = Release|x86
		{113536D5-91FD-48C1-92B4-10868F65232E}.Release|x64.ActiveCfg = Release|Any CPU
		{113536D5-91FD-48C1-92B4-10868F65232E}.Release|x86.ActiveCfg = Release|x86
		{113536D5-91FD-48C1-92B4-10868F65232E}.Release|x86.Build.0 = Release|x86
		{591C3487-ECF7-4AD4-B13C-784EDDB51335}.Debug|Any CPU.ActiveCfg = Debug|Any CPU
		{591C3487-ECF7-4AD4-B13C-784EDDB51335}.Debug|Any CPU.Build.0 = Debug|Any CPU
		{591C3487-ECF7-4AD4-B13C-784EDDB51335}.Debug|x64.ActiveCfg = Debug|Any CPU
		{591C3487-ECF7-4AD4-B13C-784EDDB51335}.Debug|x86.ActiveCfg = Debug|x86
		{591C3487-ECF7-4AD4-B13C-784EDDB51335}.Debug|x86.Build.0 = Debug|x86
		{591C3487-ECF7-4AD4-B13C-784EDDB51335}.Release|Any CPU.ActiveCfg = Release|Any CPU
		{591C3487-ECF7-4AD4-B13C-784EDDB51335}.Release|x64.ActiveCfg = Release|Any CPU
		{591C3487-ECF7-4AD4-B13C-784EDDB51335}.Release|x86.ActiveCfg = Release|Any CPU
		{F62C2A06-3CE9-4F5B-B109-687905D14ADF}.Debug|Any CPU.ActiveCfg = Debug|Any CPU
		{F62C2A06-3CE9-4F5B-B109-687905D14ADF}.Debug|Any CPU.Build.0 = Debug|Any CPU
		{F62C2A06-3CE9-4F5B-B109-687905D14ADF}.Debug|x64.ActiveCfg = Debug|Any CPU
		{F62C2A06-3CE9-4F5B-B109-687905D14ADF}.Debug|x86.ActiveCfg = Debug|x86
		{F62C2A06-3CE9-4F5B-B109-687905D14ADF}.Debug|x86.Build.0 = Debug|x86
		{F62C2A06-3CE9-4F5B-B109-687905D14ADF}.Release|Any CPU.ActiveCfg = Release|x86
		{F62C2A06-3CE9-4F5B-B109-687905D14ADF}.Release|Any CPU.Build.0 = Release|x86
		{F62C2A06-3CE9-4F5B-B109-687905D14ADF}.Release|x64.ActiveCfg = Release|Any CPU
		{F62C2A06-3CE9-4F5B-B109-687905D14ADF}.Release|x86.ActiveCfg = Release|Any CPU
		{DCC299DC-79C1-4437-8D44-418110AE8E21}.Debug|Any CPU.ActiveCfg = Debug|Any CPU
		{DCC299DC-79C1-4437-8D44-418110AE8E21}.Debug|Any CPU.Build.0 = Debug|Any CPU
		{DCC299DC-79C1-4437-8D44-418110AE8E21}.Debug|x64.ActiveCfg = Debug|Any CPU
		{DCC299DC-79C1-4437-8D44-418110AE8E21}.Debug|x86.ActiveCfg = Debug|Any CPU
		{DCC299DC-79C1-4437-8D44-418110AE8E21}.Release|Any CPU.ActiveCfg = Release|Any CPU
		{DCC299DC-79C1-4437-8D44-418110AE8E21}.Release|x64.ActiveCfg = Release|Any CPU
		{DCC299DC-79C1-4437-8D44-418110AE8E21}.Release|x86.ActiveCfg = Release|Any CPU
		{5F45BAD1-C26C-4750-868B-ED1879921062}.Debug|Any CPU.ActiveCfg = Debug|Any CPU
		{5F45BAD1-C26C-4750-868B-ED1879921062}.Debug|Any CPU.Build.0 = Debug|Any CPU
		{5F45BAD1-C26C-4750-868B-ED1879921062}.Debug|x64.ActiveCfg = Debug|Any CPU
		{5F45BAD1-C26C-4750-868B-ED1879921062}.Debug|x86.ActiveCfg = Debug|Any CPU
		{5F45BAD1-C26C-4750-868B-ED1879921062}.Release|Any CPU.ActiveCfg = Release|Any CPU
		{5F45BAD1-C26C-4750-868B-ED1879921062}.Release|x64.ActiveCfg = Release|Any CPU
		{5F45BAD1-C26C-4750-868B-ED1879921062}.Release|x86.ActiveCfg = Release|Any CPU
		{B6045E56-B9B4-4C46-AC6E-3946E97553E8}.Debug|Any CPU.ActiveCfg = Debug|Any CPU
		{B6045E56-B9B4-4C46-AC6E-3946E97553E8}.Debug|Any CPU.Build.0 = Debug|Any CPU
		{B6045E56-B9B4-4C46-AC6E-3946E97553E8}.Debug|x64.ActiveCfg = Debug|Any CPU
		{B6045E56-B9B4-4C46-AC6E-3946E97553E8}.Debug|x64.Build.0 = Debug|Any CPU
		{B6045E56-B9B4-4C46-AC6E-3946E97553E8}.Debug|x86.ActiveCfg = Debug|Any CPU
		{B6045E56-B9B4-4C46-AC6E-3946E97553E8}.Debug|x86.Build.0 = Debug|Any CPU
		{B6045E56-B9B4-4C46-AC6E-3946E97553E8}.Release|Any CPU.ActiveCfg = Release|Any CPU
		{B6045E56-B9B4-4C46-AC6E-3946E97553E8}.Release|x64.ActiveCfg = Release|Any CPU
		{B6045E56-B9B4-4C46-AC6E-3946E97553E8}.Release|x64.Build.0 = Release|Any CPU
		{B6045E56-B9B4-4C46-AC6E-3946E97553E8}.Release|x86.ActiveCfg = Release|Any CPU
		{B6045E56-B9B4-4C46-AC6E-3946E97553E8}.Release|x86.Build.0 = Release|Any CPU
		{E88D0780-D977-4F15-9E1D-391DD7ACB453}.Debug|Any CPU.ActiveCfg = Debug
		{E88D0780-D977-4F15-9E1D-391DD7ACB453}.Debug|x64.ActiveCfg = Debug
		{E88D0780-D977-4F15-9E1D-391DD7ACB453}.Debug|x86.ActiveCfg = Debug
		{E88D0780-D977-4F15-9E1D-391DD7ACB453}.Release|Any CPU.ActiveCfg = Release
		{E88D0780-D977-4F15-9E1D-391DD7ACB453}.Release|Any CPU.Build.0 = Release
		{E88D0780-D977-4F15-9E1D-391DD7ACB453}.Release|x64.ActiveCfg = Release
		{E88D0780-D977-4F15-9E1D-391DD7ACB453}.Release|x86.ActiveCfg = Release
		{4D48302B-97A9-4DA5-B347-5A3CE7ACBABE}.Debug|Any CPU.ActiveCfg = Debug|Any CPU
		{4D48302B-97A9-4DA5-B347-5A3CE7ACBABE}.Debug|Any CPU.Build.0 = Debug|Any CPU
		{4D48302B-97A9-4DA5-B347-5A3CE7ACBABE}.Debug|x64.ActiveCfg = Debug|Any CPU
		{4D48302B-97A9-4DA5-B347-5A3CE7ACBABE}.Debug|x64.Build.0 = Debug|Any CPU
		{4D48302B-97A9-4DA5-B347-5A3CE7ACBABE}.Debug|x86.ActiveCfg = Debug|Any CPU
		{4D48302B-97A9-4DA5-B347-5A3CE7ACBABE}.Debug|x86.Build.0 = Debug|Any CPU
		{4D48302B-97A9-4DA5-B347-5A3CE7ACBABE}.Release|Any CPU.ActiveCfg = Release|Any CPU
		{4D48302B-97A9-4DA5-B347-5A3CE7ACBABE}.Release|Any CPU.Build.0 = Release|Any CPU
		{4D48302B-97A9-4DA5-B347-5A3CE7ACBABE}.Release|x64.ActiveCfg = Release|Any CPU
		{4D48302B-97A9-4DA5-B347-5A3CE7ACBABE}.Release|x64.Build.0 = Release|Any CPU
		{4D48302B-97A9-4DA5-B347-5A3CE7ACBABE}.Release|x86.ActiveCfg = Release|Any CPU
		{4D48302B-97A9-4DA5-B347-5A3CE7ACBABE}.Release|x86.Build.0 = Release|Any CPU
		{0FE3F774-0FF5-42CE-8639-B9102039B654}.Debug|Any CPU.ActiveCfg = Debug|Any CPU
		{0FE3F774-0FF5-42CE-8639-B9102039B654}.Debug|Any CPU.Build.0 = Debug|Any CPU
		{0FE3F774-0FF5-42CE-8639-B9102039B654}.Debug|x64.ActiveCfg = Debug|Any CPU
		{0FE3F774-0FF5-42CE-8639-B9102039B654}.Debug|x64.Build.0 = Debug|Any CPU
		{0FE3F774-0FF5-42CE-8639-B9102039B654}.Debug|x86.ActiveCfg = Debug|Any CPU
		{0FE3F774-0FF5-42CE-8639-B9102039B654}.Debug|x86.Build.0 = Debug|Any CPU
		{0FE3F774-0FF5-42CE-8639-B9102039B654}.Release|Any CPU.ActiveCfg = Release|Any CPU
		{0FE3F774-0FF5-42CE-8639-B9102039B654}.Release|Any CPU.Build.0 = Release|Any CPU
		{0FE3F774-0FF5-42CE-8639-B9102039B654}.Release|x64.ActiveCfg = Release|Any CPU
		{0FE3F774-0FF5-42CE-8639-B9102039B654}.Release|x64.Build.0 = Release|Any CPU
		{0FE3F774-0FF5-42CE-8639-B9102039B654}.Release|x86.ActiveCfg = Release|Any CPU
		{0FE3F774-0FF5-42CE-8639-B9102039B654}.Release|x86.Build.0 = Release|Any CPU
		{6323337B-143A-4B03-A0BD-6CBFEEBA9BB3}.Debug|Any CPU.ActiveCfg = Debug|Any CPU
		{6323337B-143A-4B03-A0BD-6CBFEEBA9BB3}.Debug|Any CPU.Build.0 = Debug|Any CPU
		{6323337B-143A-4B03-A0BD-6CBFEEBA9BB3}.Debug|x64.ActiveCfg = Debug|Any CPU
		{6323337B-143A-4B03-A0BD-6CBFEEBA9BB3}.Debug|x64.Build.0 = Debug|Any CPU
		{6323337B-143A-4B03-A0BD-6CBFEEBA9BB3}.Debug|x86.ActiveCfg = Debug|Any CPU
		{6323337B-143A-4B03-A0BD-6CBFEEBA9BB3}.Debug|x86.Build.0 = Debug|Any CPU
		{6323337B-143A-4B03-A0BD-6CBFEEBA9BB3}.Release|Any CPU.ActiveCfg = Release|Any CPU
		{6323337B-143A-4B03-A0BD-6CBFEEBA9BB3}.Release|Any CPU.Build.0 = Release|Any CPU
		{6323337B-143A-4B03-A0BD-6CBFEEBA9BB3}.Release|x64.ActiveCfg = Release|Any CPU
		{6323337B-143A-4B03-A0BD-6CBFEEBA9BB3}.Release|x64.Build.0 = Release|Any CPU
		{6323337B-143A-4B03-A0BD-6CBFEEBA9BB3}.Release|x86.ActiveCfg = Release|Any CPU
		{6323337B-143A-4B03-A0BD-6CBFEEBA9BB3}.Release|x86.Build.0 = Release|Any CPU
		{896EDE9A-9A89-4D03-B0C1-674A1861CDDB}.Debug|Any CPU.ActiveCfg = Debug|Any CPU
		{896EDE9A-9A89-4D03-B0C1-674A1861CDDB}.Debug|Any CPU.Build.0 = Debug|Any CPU
		{896EDE9A-9A89-4D03-B0C1-674A1861CDDB}.Debug|x64.ActiveCfg = Debug|Any CPU
		{896EDE9A-9A89-4D03-B0C1-674A1861CDDB}.Debug|x64.Build.0 = Debug|Any CPU
		{896EDE9A-9A89-4D03-B0C1-674A1861CDDB}.Debug|x86.ActiveCfg = Debug|Any CPU
		{896EDE9A-9A89-4D03-B0C1-674A1861CDDB}.Debug|x86.Build.0 = Debug|Any CPU
		{896EDE9A-9A89-4D03-B0C1-674A1861CDDB}.Release|Any CPU.ActiveCfg = Release|Any CPU
		{896EDE9A-9A89-4D03-B0C1-674A1861CDDB}.Release|Any CPU.Build.0 = Release|Any CPU
		{896EDE9A-9A89-4D03-B0C1-674A1861CDDB}.Release|x64.ActiveCfg = Release|Any CPU
		{896EDE9A-9A89-4D03-B0C1-674A1861CDDB}.Release|x64.Build.0 = Release|Any CPU
		{896EDE9A-9A89-4D03-B0C1-674A1861CDDB}.Release|x86.ActiveCfg = Release|Any CPU
		{896EDE9A-9A89-4D03-B0C1-674A1861CDDB}.Release|x86.Build.0 = Release|Any CPU
	EndGlobalSection
	GlobalSection(SolutionProperties) = preSolution
		HideSolutionNode = FALSE
	EndGlobalSection
	GlobalSection(ExtensibilityGlobals) = postSolution
		SolutionGuid = {D407967E-B432-44EB-87BF-5A7DFEC94897}
	EndGlobalSection
EndGlobal
